# THIS IS AN AUTOGENERATED FILE. DO NOT EDIT THIS FILE DIRECTLY.
# yarn lockfile v1


"@adraffy/ens-normalize@^1.8.8":
  version "1.10.1"
  resolved "https://registry.yarnpkg.com/@adraffy/ens-normalize/-/ens-normalize-1.10.1.tgz#63430d04bd8c5e74f8d7d049338f1cd9d4f02069"
  integrity sha512-96Z2IP3mYmF1Xg2cDm8f1gWGf/HUVedQ3FMifV4kG/PQ4yEP51xDtRAEfhVNt5f/uzpNkZHwWQuUcu6D6K+Ekw==

"@ethereumjs/rlp@^4.0.1":
  version "4.0.1"
  resolved "https://registry.yarnpkg.com/@ethereumjs/rlp/-/rlp-4.0.1.tgz#626fabfd9081baab3d0a3074b0c7ecaf674aaa41"
  integrity sha512-tqsQiBQDQdmPWE1xkkBq4rlSW5QZpLOUJ5RJh2/9fug+q9tnUhuZoVLk7s0scUIKTOzEtR72DFBXI4WiZcMpvw==

"@ethereumjs/util@^8.1.0":
  version "8.1.0"
  resolved "https://registry.yarnpkg.com/@ethereumjs/util/-/util-8.1.0.tgz#299df97fb6b034e0577ce9f94c7d9d1004409ed4"
  integrity sha512-zQ0IqbdX8FZ9aw11vP+dZkKDkS+kgIvQPHnSAXzP9pLu+Rfu3D3XEeLbicvoXJTYnhZiPmsZUxgdzXwNKxRPbA==
  dependencies:
    "@ethereumjs/rlp" "^4.0.1"
    ethereum-cryptography "^2.0.0"
    micro-ftch "^0.3.1"

"@noble/curves@1.4.2", "@noble/curves@~1.4.0":
  version "1.4.2"
  resolved "https://registry.yarnpkg.com/@noble/curves/-/curves-1.4.2.tgz#40309198c76ed71bc6dbf7ba24e81ceb4d0d1fe9"
  integrity sha512-TavHr8qycMChk8UwMld0ZDRvatedkzWfH8IiaeGCfymOP5i0hSCozz9vHOL0nkwk7HRMlFnAiKpS2jrUmSybcw==
  dependencies:
    "@noble/hashes" "1.4.0"

"@noble/hashes@1.4.0", "@noble/hashes@^1.4.0", "@noble/hashes@~1.4.0":
  version "1.4.0"
  resolved "https://registry.yarnpkg.com/@noble/hashes/-/hashes-1.4.0.tgz#45814aa329f30e4fe0ba49426f49dfccdd066426"
  integrity sha512-V1JJ1WTRUqHHrOSh597hURcMqVKVGL/ea3kv0gSnEdsEZ0/+VyPghM1lMNGc00z7CIQorSvbKpuJkxvuHbvdbg==

"@scure/base@~1.1.6":
  version "1.1.7"
  resolved "https://registry.yarnpkg.com/@scure/base/-/base-1.1.7.tgz#fe973311a5c6267846aa131bc72e96c5d40d2b30"
  integrity sha512-PPNYBslrLNNUQ/Yad37MHYsNQtK67EhWb6WtSvNLLPo7SdVZgkUjD6Dg+5On7zNwmskf8OX7I7Nx5oN+MIWE0g==

"@scure/bip32@1.4.0":
  version "1.4.0"
  resolved "https://registry.yarnpkg.com/@scure/bip32/-/bip32-1.4.0.tgz#4e1f1e196abedcef395b33b9674a042524e20d67"
  integrity sha512-sVUpc0Vq3tXCkDGYVWGIZTRfnvu8LoTDaev7vbwh0omSvVORONr960MQWdKqJDCReIEmTj3PAr73O3aoxz7OPg==
  dependencies:
    "@noble/curves" "~1.4.0"
    "@noble/hashes" "~1.4.0"
    "@scure/base" "~1.1.6"

"@scure/bip39@1.3.0":
  version "1.3.0"
  resolved "https://registry.yarnpkg.com/@scure/bip39/-/bip39-1.3.0.tgz#0f258c16823ddd00739461ac31398b4e7d6a18c3"
  integrity sha512-disdg7gHuTDZtY+ZdkmLpPCk7fxZSu3gBiEGuoC1XYxv9cGx3Z6cpTggCgW6odSOOIXCiDjuGejW+aJKCY/pIQ==
  dependencies:
    "@noble/hashes" "~1.4.0"
    "@scure/base" "~1.1.6"

"@types/node@*":
  version "20.14.9"
  resolved "https://registry.yarnpkg.com/@types/node/-/node-20.14.9.tgz#12e8e765ab27f8c421a1820c99f5f313a933b420"
  integrity sha512-06OCtnTXtWOZBJlRApleWndH4JsRVs1pDCc8dLSQp+7PpUpX3ePdHyeNSFTeSe7FtKyQkrlPvHwJOW3SLd8Oyg==
  dependencies:
    undici-types "~5.26.4"

"@types/ws@8.5.3":
  version "8.5.3"
  resolved "https://registry.yarnpkg.com/@types/ws/-/ws-8.5.3.tgz#7d25a1ffbecd3c4f2d35068d0b283c037003274d"
  integrity sha512-6YOoWjruKj1uLf3INHH7D3qTXwFfEsg1kf3c0uDdSBJwfa/llkwIjrAGV7j7mVgGNbzTQ3HiHKKDXl6bJPD97w==
  dependencies:
    "@types/node" "*"

"@uniswap/v4-core@github:uniswap/v4-core":
  version "0.0.0"
  resolved "https://codeload.github.com/uniswap/v4-core/tar.gz/ac47532844db17525769b06de106a3c98f26d12d"

abitype@0.7.1, abitype@^0.7.1:
  version "0.7.1"
  resolved "https://registry.yarnpkg.com/abitype/-/abitype-0.7.1.tgz#16db20abe67de80f6183cf75f3de1ff86453b745"
  integrity sha512-VBkRHTDZf9Myaek/dO3yMmOzB/y2s3Zo6nVU7yaw1G+TvCHAjwaJzNGN9yo4K5D8bU/VZXKP1EJpRhFr862PlQ==

available-typed-arrays@^1.0.7:
  version "1.0.7"
  resolved "https://registry.yarnpkg.com/available-typed-arrays/-/available-typed-arrays-1.0.7.tgz#a5cc375d6a03c2efc87a553f3e0b1522def14846"
  integrity sha512-wvUjBtSGN7+7SjNpq/9M2Tg350UZD3q62IFZLbRAR1bSMlCo1ZaeW+BJ+D090e4hIIZLBcTDWe4Mh4jvUDajzQ==
  dependencies:
    possible-typed-array-names "^1.0.0"

bignumber.js@^9.0.1:
  version "9.1.2"
  resolved "https://registry.yarnpkg.com/bignumber.js/-/bignumber.js-9.1.2.tgz#b7c4242259c008903b13707983b5f4bbd31eda0c"
  integrity sha512-2/mKyZH9K85bzOEfhXDBFZTGd1CTs+5IHpeFQo9luiBG7hghdC851Pj2WAhb6E3R6b9tZj/XKhbg4fum+Kepug==

bn.js@4.11.6:
  version "4.11.6"
  resolved "https://registry.yarnpkg.com/bn.js/-/bn.js-4.11.6.tgz#53344adb14617a13f6e8dd2ce28905d1c0ba3215"
  integrity sha512-XWwnNNFCuuSQ0m3r3C4LE3EiORltHd9M05pq6FOlVeiophzRbMo50Sbz1ehl8K3Z+jw9+vmgnXefY1hz8X+2wA==

bn.js@^5.2.1:
  version "5.2.1"
  resolved "https://registry.yarnpkg.com/bn.js/-/bn.js-5.2.1.tgz#0bc527a6a0d18d0aa8d5b0538ce4a77dccfa7b70"
  integrity sha512-eXRvHzWyYPBuB4NBy0cmYQjGitUrtqwbvlzP3G6VFnNRbsZQIxQ10PbKKHt8gZ/HW/D/747aDl+QkDqg3KQLMQ==

brevis-contracts@^1.0.4:
  version "1.0.4"
  resolved "https://registry.yarnpkg.com/brevis-contracts/-/brevis-contracts-1.0.4.tgz#1dbaadf9510e418e5472681f7178ab341855d9c3"
  integrity sha512-jvA64ZT7EB1MF26fzOYDYW5T1c4EpK6pNEtnfCFtryGksOml+BE3asopFp9V1YToKFQz+o9lBk9A+S0boB71QQ==
  dependencies:
    "@uniswap/v4-core" uniswap/v4-core
    merkletreejs "0.3.10"
    solidity-bytes-utils "^0.8.0"
    solidity-rlp "^2.0.7"

buffer-reverse@^1.0.1:
  version "1.0.1"
  resolved "https://registry.yarnpkg.com/buffer-reverse/-/buffer-reverse-1.0.1.tgz#49283c8efa6f901bc01fa3304d06027971ae2f60"
  integrity sha512-M87YIUBsZ6N924W57vDwT/aOu8hw7ZgdByz6ijksLjmHJELBASmYTTlNHRgjE+pTsT9oJXGaDSgqqwfdHotDUg==

call-bind@^1.0.2, call-bind@^1.0.7:
  version "1.0.7"
  resolved "https://registry.yarnpkg.com/call-bind/-/call-bind-1.0.7.tgz#06016599c40c56498c18769d2730be242b6fa3b9"
  integrity sha512-GHTSNSYICQ7scH7sZ+M2rFopRoLh8t2bLSW6BbgrtLsahOIB5iyAVJf9GjWK3cYTDaMj4XdBpM1cA6pIS0Kv2w==
  dependencies:
    es-define-property "^1.0.0"
    es-errors "^1.3.0"
    function-bind "^1.1.2"
    get-intrinsic "^1.2.4"
    set-function-length "^1.2.1"

crc-32@^1.2.2:
  version "1.2.2"
  resolved "https://registry.yarnpkg.com/crc-32/-/crc-32-1.2.2.tgz#3cad35a934b8bf71f25ca524b6da51fb7eace2ff"
  integrity sha512-ROmzCKrTnOwybPcJApAA6WBWij23HVfGVNKqqrZpuyZOHqK2CwHSvpGuyt/UNNvaIjEd8X5IFGp4Mh+Ie1IHJQ==

cross-fetch@^4.0.0:
  version "4.0.0"
  resolved "https://registry.yarnpkg.com/cross-fetch/-/cross-fetch-4.0.0.tgz#f037aef1580bb3a1a35164ea2a848ba81b445983"
  integrity sha512-e4a5N8lVvuLgAWgnCrLr2PP0YyDOTHa9H/Rj54dirp61qXnNq46m82bRhNqIA5VccJtWBvPTFRV3TtvHUKPB1g==
  dependencies:
    node-fetch "^2.6.12"

crypto-js@^3.1.9-1:
  version "3.3.0"
  resolved "https://registry.yarnpkg.com/crypto-js/-/crypto-js-3.3.0.tgz#846dd1cce2f68aacfa156c8578f926a609b7976b"
  integrity sha512-DIT51nX0dCfKltpRiXV+/TVZq+Qq2NgF4644+K7Ttnla7zEzqc+kjJyiB96BHNyUTBxyjzRcZYpUdZa+QAqi6Q==

define-data-property@^1.1.4:
  version "1.1.4"
  resolved "https://registry.yarnpkg.com/define-data-property/-/define-data-property-1.1.4.tgz#894dc141bb7d3060ae4366f6a0107e68fbe48c5e"
  integrity sha512-rBMvIzlpA8v6E+SJZoo++HAYqsLrkg7MSfIinMPFhmkorw7X+dOXVJQs+QT69zGkzMyfDnIMN2Wid1+NbL3T+A==
  dependencies:
    es-define-property "^1.0.0"
    es-errors "^1.3.0"
    gopd "^1.0.1"

dotenv@^16.4.5:
  version "16.4.5"
  resolved "https://registry.yarnpkg.com/dotenv/-/dotenv-16.4.5.tgz#cdd3b3b604cb327e286b4762e13502f717cb099f"
  integrity sha512-ZmdL2rui+eB2YwhsWzjInR8LldtZHGDoQ1ugH85ppHKwpUHL7j7rN0Ti9NCnGiQbhaZ11FpR+7ao1dNsmduNUg==

"ds-test@github:dapphub/ds-test":
  version "1.0.0"
  resolved "https://codeload.github.com/dapphub/ds-test/tar.gz/e282159d5170298eb2455a6c05280ab5a73a4ef0"

es-define-property@^1.0.0:
  version "1.0.0"
  resolved "https://registry.yarnpkg.com/es-define-property/-/es-define-property-1.0.0.tgz#c7faefbdff8b2696cf5f46921edfb77cc4ba3845"
  integrity sha512-jxayLKShrEqqzJ0eumQbVhTYQM27CfT1T35+gCgDFoL82JLsXqTJ76zv6A0YLOgEnLUMvLzsDsGIrl8NFpT2gQ==
  dependencies:
    get-intrinsic "^1.2.4"

es-errors@^1.3.0:
  version "1.3.0"
  resolved "https://registry.yarnpkg.com/es-errors/-/es-errors-1.3.0.tgz#05f75a25dab98e4fb1dcd5e1472c0546d5057c8f"
  integrity sha512-Zf5H2Kxt2xjTvbJvP2ZWLEICxA6j+hAmMzIlypy4xcBg1vKVnx89Wy0GbS+kf5cwCVFFzdCFh2XSCFNULS6csw==

ethereum-bloom-filters@^1.0.6:
  version "1.1.0"
  resolved "https://registry.yarnpkg.com/ethereum-bloom-filters/-/ethereum-bloom-filters-1.1.0.tgz#b3fc1eb789509ee30db0bf99a2988ccacb8d0397"
  integrity sha512-J1gDRkLpuGNvWYzWslBQR9cDV4nd4kfvVTE/Wy4Kkm4yb3EYRSlyi0eB/inTsSTTVyA0+HyzHgbr95Fn/Z1fSw==
  dependencies:
    "@noble/hashes" "^1.4.0"

ethereum-cryptography@^2.0.0, ethereum-cryptography@^2.1.2, ethereum-cryptography@^2.2.0:
  version "2.2.1"
  resolved "https://registry.yarnpkg.com/ethereum-cryptography/-/ethereum-cryptography-2.2.1.tgz#58f2810f8e020aecb97de8c8c76147600b0b8ccf"
  integrity sha512-r/W8lkHSiTLxUxW8Rf3u4HGB0xQweG2RyETjywylKZSzLWoWAijRz8WCuOtJ6wah+avllXBqZuk29HCCvhEIRg==
  dependencies:
    "@noble/curves" "1.4.2"
    "@noble/hashes" "1.4.0"
    "@scure/bip32" "1.4.0"
    "@scure/bip39" "1.3.0"

ethjs-unit@0.1.6:
  version "0.1.6"
  resolved "https://registry.yarnpkg.com/ethjs-unit/-/ethjs-unit-0.1.6.tgz#c665921e476e87bce2a9d588a6fe0405b2c41699"
  integrity sha512-/Sn9Y0oKl0uqQuvgFk/zQgR7aw1g36qX/jzSQ5lSwlO0GigPymk4eGQfeNTD03w1dPOqfz8V77Cy43jH56pagw==
  dependencies:
    bn.js "4.11.6"
    number-to-bn "1.7.0"

eventemitter3@^5.0.1:
  version "5.0.1"
  resolved "https://registry.yarnpkg.com/eventemitter3/-/eventemitter3-5.0.1.tgz#53f5ffd0a492ac800721bb42c66b841de96423c4"
  integrity sha512-GWkBvjiSZK87ELrYOSESUYeVIc9mvLLf/nXalMOS5dYrgZq9o5OVkbZAVM06CVxYsCwH9BDZFPlQTlPA1j4ahA==

for-each@^0.3.3:
  version "0.3.3"
  resolved "https://registry.yarnpkg.com/for-each/-/for-each-0.3.3.tgz#69b447e88a0a5d32c3e7084f3f1710034b21376e"
  integrity sha512-jqYfLp7mo9vIyQf8ykW2v7A+2N4QjeCeI5+Dz9XraiO1ign81wjiH7Fb9vSOWvQfNtmSa4H2RoQTrrXivdUZmw==
  dependencies:
    is-callable "^1.1.3"

forge-std@^1.1.2:
  version "1.1.2"
  resolved "https://registry.yarnpkg.com/forge-std/-/forge-std-1.1.2.tgz#f4a0eda103538d56f9c563f3cd1fa2fd01bd9378"
  integrity sha512-Wfb0iAS9PcfjMKtGpWQw9mXzJxrWD62kJCUqqLcyuI0+VRtJ3j20XembjF3kS20qELYdXft1vD/SPFVWVKMFOw==

function-bind@^1.1.2:
  version "1.1.2"
  resolved "https://registry.yarnpkg.com/function-bind/-/function-bind-1.1.2.tgz#2c02d864d97f3ea6c8830c464cbd11ab6eab7a1c"
  integrity sha512-7XHNxH7qX9xG5mIwxkhumTox/MIRNcOgDrxWsMt2pAr23WHp6MrRlN7FBSFpCpr+oVO0F744iUgR82nJMfG2SA==

get-intrinsic@^1.1.3, get-intrinsic@^1.2.4:
  version "1.2.4"
  resolved "https://registry.yarnpkg.com/get-intrinsic/-/get-intrinsic-1.2.4.tgz#e385f5a4b5227d449c3eabbad05494ef0abbeadd"
  integrity sha512-5uYhsJH8VJBTv7oslg4BznJYhDoRI6waYCxMmCdnTrcCrHA/fCFKoTFz2JKKE0HdDFUF7/oQuhzumXJK7paBRQ==
  dependencies:
    es-errors "^1.3.0"
    function-bind "^1.1.2"
    has-proto "^1.0.1"
    has-symbols "^1.0.3"
    hasown "^2.0.0"

gopd@^1.0.1:
  version "1.0.1"
  resolved "https://registry.yarnpkg.com/gopd/-/gopd-1.0.1.tgz#29ff76de69dac7489b7c0918a5788e56477c332c"
  integrity sha512-d65bNlIadxvpb/A2abVdlqKqV563juRnZ1Wtk6s1sIR8uNsXR70xqIzVqxVf1eTqDunwT2MkczEeaezCKTZhwA==
  dependencies:
    get-intrinsic "^1.1.3"

has-property-descriptors@^1.0.2:
  version "1.0.2"
  resolved "https://registry.yarnpkg.com/has-property-descriptors/-/has-property-descriptors-1.0.2.tgz#963ed7d071dc7bf5f084c5bfbe0d1b6222586854"
  integrity sha512-55JNKuIW+vq4Ke1BjOTjM2YctQIvCT7GFzHwmfZPGo5wnrgkid0YQtnAleFSqumZm4az3n2BS+erby5ipJdgrg==
  dependencies:
    es-define-property "^1.0.0"

has-proto@^1.0.1, has-proto@^1.0.3:
  version "1.0.3"
  resolved "https://registry.yarnpkg.com/has-proto/-/has-proto-1.0.3.tgz#b31ddfe9b0e6e9914536a6ab286426d0214f77fd"
  integrity sha512-SJ1amZAJUiZS+PhsVLf5tGydlaVB8EdFpaSO4gmiUKUOxk8qzn5AIy4ZeJUmh22znIdk/uMAUT2pl3FxzVUH+Q==

has-symbols@^1.0.3:
  version "1.0.3"
  resolved "https://registry.yarnpkg.com/has-symbols/-/has-symbols-1.0.3.tgz#bb7b2c4349251dce87b125f7bdf874aa7c8b39f8"
  integrity sha512-l3LCuF6MgDNwTDKkdYGEihYjt5pRPbEg46rtlmnSPlUbgmB8LOIrKJbYYFBSbnPaJexMKtiPO8hmeRjRz2Td+A==

has-tostringtag@^1.0.0, has-tostringtag@^1.0.2:
  version "1.0.2"
  resolved "https://registry.yarnpkg.com/has-tostringtag/-/has-tostringtag-1.0.2.tgz#2cdc42d40bef2e5b4eeab7c01a73c54ce7ab5abc"
  integrity sha512-NqADB8VjPFLM2V0VvHUewwwsw0ZWBaIdgo+ieHtK3hasLz4qeCRjYcqfB6AQrBggRKppKF8L52/VqdVsO47Dlw==
  dependencies:
    has-symbols "^1.0.3"

hasown@^2.0.0, hasown@^2.0.2:
  version "2.0.2"
  resolved "https://registry.yarnpkg.com/hasown/-/hasown-2.0.2.tgz#003eaf91be7adc372e84ec59dc37252cedb80003"
  integrity sha512-0hJU9SCPvmMzIBdZFqNPXWa6dqh7WdH0cII9y+CyS8rG3nL48Bclra9HmKhVVUHyPWNH5Y7xDwAB7bfgSjkUMQ==
  dependencies:
    function-bind "^1.1.2"

inherits@^2.0.3, inherits@^2.0.4:
  version "2.0.4"
  resolved "https://registry.yarnpkg.com/inherits/-/inherits-2.0.4.tgz#0fa2c64f932917c3433a0ded55363aae37416b7c"
  integrity sha512-k/vGaX4/Yla3WzyMCvTQOXYeIHvqOKtnqBduzTHpzpQZzAskKMhZ2K+EnBiSM9zGSoIFeMpXKxa4dYeZIQqewQ==

is-arguments@^1.0.4, is-arguments@^1.1.1:
  version "1.1.1"
  resolved "https://registry.yarnpkg.com/is-arguments/-/is-arguments-1.1.1.tgz#15b3f88fda01f2a97fec84ca761a560f123efa9b"
  integrity sha512-8Q7EARjzEnKpt/PCD7e1cgUS0a6X8u5tdSiMqXhojOdoV9TsMsiO+9VLC5vAmO8N7/GmXn7yjR8qnA6bVAEzfA==
  dependencies:
    call-bind "^1.0.2"
    has-tostringtag "^1.0.0"

is-callable@^1.1.3, is-callable@^1.2.7:
  version "1.2.7"
  resolved "https://registry.yarnpkg.com/is-callable/-/is-callable-1.2.7.tgz#3bc2a85ea742d9e36205dcacdd72ca1fdc51b055"
  integrity sha512-1BC0BVFhS/p0qtw6enp8e+8OD0UrK0oFLztSjNzhcKA3WDuJxxAPXzPuPtKkjEY9UUoEWlX/8fgKeu2S8i9JTA==

is-generator-function@^1.0.10, is-generator-function@^1.0.7:
  version "1.0.10"
  resolved "https://registry.yarnpkg.com/is-generator-function/-/is-generator-function-1.0.10.tgz#f1558baf1ac17e0deea7c0415c438351ff2b3c72"
  integrity sha512-jsEjy9l3yiXEQ+PsXdmBwEPcOxaXWLspKdplFUVI9vq1iZgIekeC0L167qeu86czQaxed3q/Uzuw0swL0irL8A==
  dependencies:
    has-tostringtag "^1.0.0"

is-hex-prefixed@1.0.0:
  version "1.0.0"
  resolved "https://registry.yarnpkg.com/is-hex-prefixed/-/is-hex-prefixed-1.0.0.tgz#7d8d37e6ad77e5d127148913c573e082d777f554"
  integrity sha512-WvtOiug1VFrE9v1Cydwm+FnXd3+w9GaeVUss5W4v/SLy3UW00vP+6iNF2SdnfiBoLy4bTqVdkftNGTUeOFVsbA==

is-typed-array@^1.1.13, is-typed-array@^1.1.3:
  version "1.1.13"
  resolved "https://registry.yarnpkg.com/is-typed-array/-/is-typed-array-1.1.13.tgz#d6c5ca56df62334959322d7d7dd1cca50debe229"
  integrity sha512-uZ25/bUAlUY5fR4OKT4rZQEBrzQWYV9ZJYGGsUmEJ6thodVJ1HX64ePQ6Z0qPWP+m+Uq6e9UugrE38jeYsDSMw==
  dependencies:
    which-typed-array "^1.1.14"

isomorphic-ws@^5.0.0:
  version "5.0.0"
  resolved "https://registry.yarnpkg.com/isomorphic-ws/-/isomorphic-ws-5.0.0.tgz#e5529148912ecb9b451b46ed44d53dae1ce04bbf"
  integrity sha512-muId7Zzn9ywDsyXgTIafTry2sV3nySZeUDe6YedVd1Hvuuep5AsIlqK+XefWpYTyJG5e503F2xIuT2lcU6rCSw==

merkletreejs@0.3.10:
  version "0.3.10"
  resolved "https://registry.yarnpkg.com/merkletreejs/-/merkletreejs-0.3.10.tgz#b9abdfc5e3aadaf9eb8b0a35c4b87aea33f5d4b7"
  integrity sha512-lin42tKfRdkW+6iE5pjtQ9BnH+1Hk3sJ5Fn9hUUSjcXRcJbSISHgPCfYvMNEXiNqZPhz/TyRPEV30qgnujsQ7A==
  dependencies:
    bignumber.js "^9.0.1"
    buffer-reverse "^1.0.1"
    crypto-js "^3.1.9-1"
    treeify "^1.1.0"
    web3-utils "^1.3.4"

micro-ftch@^0.3.1:
  version "0.3.1"
  resolved "https://registry.yarnpkg.com/micro-ftch/-/micro-ftch-0.3.1.tgz#6cb83388de4c1f279a034fb0cf96dfc050853c5f"
  integrity sha512-/0LLxhzP0tfiR5hcQebtudP56gUurs2CLkGarnCiB/OqEyUFQ6U3paQi/tgLv0hBJYt2rnr9MNpxz4fiiugstg==

minimist@^1.2.8:
  version "1.2.8"
  resolved "https://registry.yarnpkg.com/minimist/-/minimist-1.2.8.tgz#c1a464e7693302e082a075cee0c057741ac4772c"
  integrity sha512-2yyAR8qBkN3YuheJanUpWC5U3bb5osDywNB8RzDVlDwDHbocAJveqqj1u8+SVD7jkWT4yvsHCpWqqWqAxb0zCA==

node-fetch@^2.6.12, node-fetch@^2.7.0:
  version "2.7.0"
  resolved "https://registry.yarnpkg.com/node-fetch/-/node-fetch-2.7.0.tgz#d0f0fa6e3e2dc1d27efcd8ad99d550bda94d187d"
  integrity sha512-c4FRfUm/dbcWZ7U+1Wq0AwCyFL+3nt2bEw05wfxSz+DWpWsitgmSgYmy2dQdWyKC1694ELPqMs/YzUSNozLt8A==
  dependencies:
    whatwg-url "^5.0.0"

number-to-bn@1.7.0:
  version "1.7.0"
  resolved "https://registry.yarnpkg.com/number-to-bn/-/number-to-bn-1.7.0.tgz#bb3623592f7e5f9e0030b1977bd41a0c53fe1ea0"
  integrity sha512-wsJ9gfSz1/s4ZsJN01lyonwuxA1tml6X1yBDnfpMglypcBRFZZkus26EdPSlqS5GJfYddVZa22p3VNb3z5m5Ig==
  dependencies:
    bn.js "4.11.6"
    strip-hex-prefix "1.0.0"

possible-typed-array-names@^1.0.0:
  version "1.0.0"
  resolved "https://registry.yarnpkg.com/possible-typed-array-names/-/possible-typed-array-names-1.0.0.tgz#89bb63c6fada2c3e90adc4a647beeeb39cc7bf8f"
  integrity sha512-d7Uw+eZoloe0EHDIYoe+bQ5WXnGMOpmiZFTuMWCwpjzzkL2nTjcKiAk4hh8TjnGye2TwWOk3UXucZ+3rbmBa8Q==

randombytes@^2.1.0:
  version "2.1.0"
  resolved "https://registry.yarnpkg.com/randombytes/-/randombytes-2.1.0.tgz#df6f84372f0270dc65cdf6291349ab7a473d4f2a"
  integrity sha512-vYl3iOX+4CKUWuxGi9Ukhie6fsqXqS9FE2Zaic4tNFD2N2QQaXOMFbuKK4QmDHC0JO6B1Zp41J0LpT0oR68amQ==
  dependencies:
    safe-buffer "^5.1.0"

safe-buffer@^5.1.0:
  version "5.2.1"
  resolved "https://registry.yarnpkg.com/safe-buffer/-/safe-buffer-5.2.1.tgz#1eaf9fa9bdb1fdd4ec75f58f9cdb4e6b7827eec6"
  integrity sha512-rp3So07KcdmmKbGvgaNxQSJr7bGVSVk5S9Eq1F+ppbRo70+YeaDxkw5Dd8NPN+GD6bjnYm2VuPuCXmpuYvmCXQ==

set-function-length@^1.2.1, set-function-length@^1.2.2:
  version "1.2.2"
  resolved "https://registry.yarnpkg.com/set-function-length/-/set-function-length-1.2.2.tgz#aac72314198eaed975cf77b2c3b6b880695e5449"
  integrity sha512-pgRc4hJ4/sNjWCSS9AmnS40x3bNMDTknHgL5UaMBTMyJnU90EgWh1Rz+MC9eFu4BuN/UwZjKQuY/1v3rM7HMfg==
  dependencies:
    define-data-property "^1.1.4"
    es-errors "^1.3.0"
    function-bind "^1.1.2"
    get-intrinsic "^1.2.4"
    gopd "^1.0.1"
    has-property-descriptors "^1.0.2"

setimmediate@^1.0.5:
  version "1.0.5"
  resolved "https://registry.yarnpkg.com/setimmediate/-/setimmediate-1.0.5.tgz#290cbb232e306942d7d7ea9b83732ab7856f8285"
  integrity sha512-MATJdZp8sLqDl/68LfQmbP8zKPLQNV6BIZoIgrscFDQ+RsvK/BxeDQOgyxKKoh0y/8h3BqVFnCqQ/gd+reiIXA==

solidity-bytes-utils@^0.8.0:
  version "0.8.2"
  resolved "https://registry.yarnpkg.com/solidity-bytes-utils/-/solidity-bytes-utils-0.8.2.tgz#763d6a02fd093e93b3a97b742e97d540e66c29bd"
  integrity sha512-cqXPYAV2auhpdKSTPuqji0CwpSceZDu95CzqSM/9tDJ2MoMaMsdHTpOIWtVw31BIqqGPNmIChCswzbw0tHaMTw==
  dependencies:
    ds-test "github:dapphub/ds-test"
    forge-std "^1.1.2"

solidity-rlp@^2.0.7:
  version "2.0.8"
  resolved "https://registry.yarnpkg.com/solidity-rlp/-/solidity-rlp-2.0.8.tgz#1548370b690ef06dbb62af06b7675bc86b19bbe3"
  integrity sha512-gzYzHoFKRH1ydJeCfzm3z/BvKrZGK/V9+qbOlNbBcRAYeizjCdDNhLTTE8iIJrHqsRrZRSOo+7mhbnxoBoZvJQ==

strip-hex-prefix@1.0.0:
  version "1.0.0"
  resolved "https://registry.yarnpkg.com/strip-hex-prefix/-/strip-hex-prefix-1.0.0.tgz#0c5f155fef1151373377de9dbb588da05500e36f"
  integrity sha512-q8d4ue7JGEiVcypji1bALTos+0pWtyGlivAWyPuTkHzuTCJqrK9sWxYQZUq6Nq3cuyv3bm734IhHvHtGGURU6A==
  dependencies:
    is-hex-prefixed "1.0.0"

tr46@^0.0.3, tr46@~0.0.3:
  version "0.0.3"
  resolved "https://registry.yarnpkg.com/tr46/-/tr46-0.0.3.tgz#8184fd347dac9cdc185992f3a6622e14b9d9ab6a"
  integrity sha512-N3WMsuqV66lT30CrXNbEjx4GEwlow3v6rr4mCcv6prnfwhS01rkgyFdjPNBYd9br7LpXV1+Emh01fHnq2Gdgrw==

treeify@^1.1.0:
  version "1.1.0"
  resolved "https://registry.yarnpkg.com/treeify/-/treeify-1.1.0.tgz#4e31c6a463accd0943879f30667c4fdaff411bb8"
  integrity sha512-1m4RA7xVAJrSGrrXGs0L3YTwyvBs2S8PbRHaLZAkFw7JR8oIFwYtysxlBZhYIa7xSyiYJKZ3iGrrk55cGA3i9A==

undici-types@^5.26.5:
  version "5.28.4"
  resolved "https://registry.yarnpkg.com/undici-types/-/undici-types-5.28.4.tgz#501669b1af1f288a9cbc2e273811965c9178306d"
  integrity sha512-3OeMF5Lyowe8VW0skf5qaIE7Or3yS9LS7fvMUI0gg4YxpIBVg0L8BxCmROw2CcYhSkpR68Epz7CGc8MPj94Uww==

undici-types@~5.26.4:
  version "5.26.5"
  resolved "https://registry.yarnpkg.com/undici-types/-/undici-types-5.26.5.tgz#bcd539893d00b56e964fd2657a4866b221a65617"
  integrity sha512-JlCMO+ehdEIKqlFxk6IfVoAUVmgz7cU7zD/h9XZ0qzeosSHmUJVOzSQvvYSYWXkFXC+IfLKSIffhv0sVZup6pA==

utf8@3.0.0:
  version "3.0.0"
  resolved "https://registry.yarnpkg.com/utf8/-/utf8-3.0.0.tgz#f052eed1364d696e769ef058b183df88c87f69d1"
  integrity sha512-E8VjFIQ/TyQgp+TZfS6l8yp/xWppSAHzidGiRrqe4bK4XP9pTRyKFgGJpO3SN7zdX4DeomTrwaseCHovfpFcqQ==

util@^0.12.5:
  version "0.12.5"
  resolved "https://registry.yarnpkg.com/util/-/util-0.12.5.tgz#5f17a6059b73db61a875668781a1c2b136bd6fbc"
  integrity sha512-kZf/K6hEIrWHI6XqOFUiiMa+79wE/D8Q+NCNAWclkyg3b4d2k7s0QGepNjiABc+aR3N1PAyHL7p6UcLY6LmrnA==
  dependencies:
    inherits "^2.0.3"
    is-arguments "^1.0.4"
    is-generator-function "^1.0.7"
    is-typed-array "^1.1.3"
    which-typed-array "^1.1.2"

web3-core@^4.3.0, web3-core@^4.4.0, web3-core@^4.5.0:
  version "4.5.0"
  resolved "https://registry.yarnpkg.com/web3-core/-/web3-core-4.5.0.tgz#f16e7f5bfa6373c7be45f0ed233aff479fd33079"
  integrity sha512-Q8LIAqmF7vkRydBPiU+OC7wI44nEU6JEExolFaOakqrjMtQ1CWFHRUQMNJRDsk5bRirjyShuAsuqLeYByvvXhg==
  dependencies:
    web3-errors "^1.2.0"
    web3-eth-accounts "^4.1.2"
    web3-eth-iban "^4.0.7"
    web3-providers-http "^4.1.0"
    web3-providers-ws "^4.0.7"
    web3-types "^1.7.0"
    web3-utils "^4.3.0"
    web3-validator "^2.0.6"
  optionalDependencies:
    web3-providers-ipc "^4.0.7"

web3-errors@^1.1.3, web3-errors@^1.1.4, web3-errors@^1.2.0:
  version "1.2.0"
  resolved "https://registry.yarnpkg.com/web3-errors/-/web3-errors-1.2.0.tgz#441acfd7fd744c9beedf23f277f20759fae92433"
  integrity sha512-58Kczou5zyjcm9LuSs5Hrm6VrG8t9p2J8X0yGArZrhKNPZL66gMGkOUpPx+EopE944Sk4yE+Q25hKv4H5BH+kA==
  dependencies:
    web3-types "^1.6.0"

web3-eth-abi@^4.2.2:
  version "4.2.2"
  resolved "https://registry.yarnpkg.com/web3-eth-abi/-/web3-eth-abi-4.2.2.tgz#d7592e2cc113fd34da3fb4c933537ddf8639d9b2"
  integrity sha512-akbGi642UtKG3k3JuLbhl9KuG7LM/cXo/by2WfdwfOptGZrzRsWJNWje1d2xfw1n9kkVG9SAMvPJl1uSyR3dfw==
  dependencies:
    abitype "0.7.1"
    web3-errors "^1.2.0"
    web3-types "^1.6.0"
    web3-utils "^4.3.0"
    web3-validator "^2.0.6"

web3-eth-accounts@^4.1.2:
  version "4.1.2"
  resolved "https://registry.yarnpkg.com/web3-eth-accounts/-/web3-eth-accounts-4.1.2.tgz#652d6e3daf4d6cb3fe67cec6a878e768f6e8b8e8"
  integrity sha512-y0JynDeTDnclyuE9mShXLeEj+BCrPHxPHOyPCgTchUBQsALF9+0OhP7WiS3IqUuu0Hle5bjG2f5ddeiPtNEuLg==
  dependencies:
    "@ethereumjs/rlp" "^4.0.1"
    crc-32 "^1.2.2"
    ethereum-cryptography "^2.0.0"
    web3-errors "^1.1.4"
    web3-types "^1.6.0"
    web3-utils "^4.2.3"
    web3-validator "^2.0.5"

web3-eth-contract@^4.5.0:
  version "4.5.0"
  resolved "https://registry.yarnpkg.com/web3-eth-contract/-/web3-eth-contract-4.5.0.tgz#954c9cf4c055f3f2c33189bdd69093a8e20a569a"
  integrity sha512-AX6OiDrIryz/T28k9Xz0gXpUrlOUjcooEgGluu2s5dFDWCPM/zlN5RsUZlXZiXpQyj52VCUy5+bkvu3yDPA4fg==
  dependencies:
    web3-core "^4.4.0"
    web3-errors "^1.2.0"
    web3-eth "^4.7.0"
    web3-eth-abi "^4.2.2"
    web3-types "^1.6.0"
    web3-utils "^4.3.0"
    web3-validator "^2.0.6"

web3-eth-ens@^4.4.0:
  version "4.4.0"
  resolved "https://registry.yarnpkg.com/web3-eth-ens/-/web3-eth-ens-4.4.0.tgz#bc0d11d755cb15ed4b82e38747c5104622d9a4b9"
  integrity sha512-DeyVIS060hNV9g8dnTx92syqvgbvPricE3MerCxe/DquNZT3tD8aVgFfq65GATtpCgDDJffO2bVeHp3XBemnSQ==
  dependencies:
    "@adraffy/ens-normalize" "^1.8.8"
    web3-core "^4.5.0"
    web3-errors "^1.2.0"
    web3-eth "^4.8.0"
    web3-eth-contract "^4.5.0"
    web3-net "^4.1.0"
    web3-types "^1.7.0"
    web3-utils "^4.3.0"
    web3-validator "^2.0.6"

web3-eth-iban@^4.0.7:
  version "4.0.7"
  resolved "https://registry.yarnpkg.com/web3-eth-iban/-/web3-eth-iban-4.0.7.tgz#ee504f845d7b6315f0be78fcf070ccd5d38e4aaf"
  integrity sha512-8weKLa9KuKRzibC87vNLdkinpUE30gn0IGY027F8doeJdcPUfsa4IlBgNC4k4HLBembBB2CTU0Kr/HAOqMeYVQ==
  dependencies:
    web3-errors "^1.1.3"
    web3-types "^1.3.0"
    web3-utils "^4.0.7"
    web3-validator "^2.0.3"

web3-eth-personal@^4.0.8:
  version "4.0.8"
  resolved "https://registry.yarnpkg.com/web3-eth-personal/-/web3-eth-personal-4.0.8.tgz#b51628c560de550ca8b354fa784f9556aae6065c"
  integrity sha512-sXeyLKJ7ddQdMxz1BZkAwImjqh7OmKxhXoBNF3isDmD4QDpMIwv/t237S3q4Z0sZQamPa/pHebJRWVuvP8jZdw==
  dependencies:
    web3-core "^4.3.0"
    web3-eth "^4.3.1"
    web3-rpc-methods "^1.1.3"
    web3-types "^1.3.0"
    web3-utils "^4.0.7"
    web3-validator "^2.0.3"

web3-eth@^4.3.1, web3-eth@^4.7.0, web3-eth@^4.8.0:
  version "4.8.0"
  resolved "https://registry.yarnpkg.com/web3-eth/-/web3-eth-4.8.0.tgz#1db0b573d933b69032038e814df730136f4837ba"
  integrity sha512-fobkdpwN9SH785/0LSLfxOMH4rZNAD/EvTKIHdpl4ZVz5XdKehX+xPMpSGDGwMlAQ7yXByjZDX3opzoqEQLWxg==
  dependencies:
    setimmediate "^1.0.5"
    web3-core "^4.5.0"
    web3-errors "^1.2.0"
    web3-eth-abi "^4.2.2"
    web3-eth-accounts "^4.1.2"
    web3-net "^4.1.0"
    web3-providers-ws "^4.0.7"
    web3-rpc-methods "^1.3.0"
    web3-types "^1.7.0"
    web3-utils "^4.3.0"
    web3-validator "^2.0.6"

web3-net@^4.1.0:
  version "4.1.0"
  resolved "https://registry.yarnpkg.com/web3-net/-/web3-net-4.1.0.tgz#db7bde675e58b153339e4f149f29ec0410d6bab2"
  integrity sha512-WWmfvHVIXWEoBDWdgKNYKN8rAy6SgluZ0abyRyXOL3ESr7ym7pKWbfP4fjApIHlYTh8tNqkrdPfM4Dyi6CA0SA==
  dependencies:
    web3-core "^4.4.0"
    web3-rpc-methods "^1.3.0"
    web3-types "^1.6.0"
    web3-utils "^4.3.0"

web3-providers-http@^4.1.0:
  version "4.1.0"
  resolved "https://registry.yarnpkg.com/web3-providers-http/-/web3-providers-http-4.1.0.tgz#8d7afda67d1d8542ca85b30f60a3d1fe1993b561"
  integrity sha512-6qRUGAhJfVQM41E5t+re5IHYmb5hSaLc02BE2MaRQsz2xKA6RjmHpOA5h/+ojJxEpI9NI2CrfDKOAgtJfoUJQg==
  dependencies:
    cross-fetch "^4.0.0"
    web3-errors "^1.1.3"
    web3-types "^1.3.0"
    web3-utils "^4.0.7"

web3-providers-ipc@^4.0.7:
  version "4.0.7"
  resolved "https://registry.yarnpkg.com/web3-providers-ipc/-/web3-providers-ipc-4.0.7.tgz#9ec4c8565053af005a5170ba80cddeb40ff3e3d3"
  integrity sha512-YbNqY4zUvIaK2MHr1lQFE53/8t/ejHtJchrWn9zVbFMGXlTsOAbNoIoZWROrg1v+hCBvT2c9z8xt7e/+uz5p1g==
  dependencies:
    web3-errors "^1.1.3"
    web3-types "^1.3.0"
    web3-utils "^4.0.7"

web3-providers-ws@^4.0.7:
  version "4.0.7"
  resolved "https://registry.yarnpkg.com/web3-providers-ws/-/web3-providers-ws-4.0.7.tgz#7a78a0dcf077e0e802da524fbb37d080b356c14b"
  integrity sha512-n4Dal9/rQWjS7d6LjyEPM2R458V8blRm0eLJupDEJOOIBhGYlxw5/4FthZZ/cqB7y/sLVi7K09DdYx2MeRtU5w==
  dependencies:
    "@types/ws" "8.5.3"
    isomorphic-ws "^5.0.0"
    web3-errors "^1.1.3"
    web3-types "^1.3.0"
    web3-utils "^4.0.7"
    ws "^8.8.1"

web3-rpc-methods@^1.1.3, web3-rpc-methods@^1.3.0:
  version "1.3.0"
  resolved "https://registry.yarnpkg.com/web3-rpc-methods/-/web3-rpc-methods-1.3.0.tgz#d5ee299a69389d63822d354ddee2c6a121a6f670"
  integrity sha512-/CHmzGN+IYgdBOme7PdqzF+FNeMleefzqs0LVOduncSaqsppeOEoskLXb2anSpzmQAP3xZJPaTrkQPWSJMORig==
  dependencies:
    web3-core "^4.4.0"
    web3-types "^1.6.0"
    web3-validator "^2.0.6"

web3-rpc-providers@^1.0.0-rc.0:
  version "1.0.0-rc.0"
  resolved "https://registry.yarnpkg.com/web3-rpc-providers/-/web3-rpc-providers-1.0.0-rc.0.tgz#fa5f4aac5e15707b50d6b72a10c087a58ea2e281"
  integrity sha512-lmBOZ4PE+wf5JyptPZJ+GHeGPyTBfnCRbrfOxWLU+Q7g+D6NukgS3fk2xcunEvUsR/b5fp+uXk0TkmhX9/GCKg==
  dependencies:
    web3-providers-http "^4.1.0"
    web3-providers-ws "^4.0.7"
    web3-types "^1.7.0"
    web3-utils "^4.3.0"

web3-types@^1.3.0, web3-types@^1.6.0, web3-types@^1.7.0:
  version "1.7.0"
  resolved "https://registry.yarnpkg.com/web3-types/-/web3-types-1.7.0.tgz#9945fa644af96b20b1db18564aff9ab8db00df59"
  integrity sha512-nhXxDJ7a5FesRw9UG5SZdP/C/3Q2EzHGnB39hkAV+YGXDMgwxBXFWebQLfEzZzuArfHnvC0sQqkIHNwSKcVjdA==

web3-utils@^1.3.4:
  version "1.10.4"
  resolved "https://registry.yarnpkg.com/web3-utils/-/web3-utils-1.10.4.tgz#0daee7d6841641655d8b3726baf33b08eda1cbec"
  integrity sha512-tsu8FiKJLk2PzhDl9fXbGUWTkkVXYhtTA+SmEFkKft+9BgwLxfCRpU96sWv7ICC8zixBNd3JURVoiR3dUXgP8A==
  dependencies:
    "@ethereumjs/util" "^8.1.0"
    bn.js "^5.2.1"
    ethereum-bloom-filters "^1.0.6"
    ethereum-cryptography "^2.1.2"
    ethjs-unit "0.1.6"
    number-to-bn "1.7.0"
    randombytes "^2.1.0"
    utf8 "3.0.0"

web3-utils@^4.0.7, web3-utils@^4.2.3, web3-utils@^4.3.0:
  version "4.3.0"
  resolved "https://registry.yarnpkg.com/web3-utils/-/web3-utils-4.3.0.tgz#c18918f0d692f745d622d22172406f6102528860"
  integrity sha512-fGG2IZr0XB1vEoWZiyJzoy28HpsIfZgz4mgPeQA9aj5rIx8z0o80qUPtIyrCYX/Bo2gYALlV5SWIJWxJNUQn9Q==
  dependencies:
    ethereum-cryptography "^2.0.0"
    eventemitter3 "^5.0.1"
    web3-errors "^1.2.0"
    web3-types "^1.6.0"
    web3-validator "^2.0.6"

web3-validator@^2.0.3, web3-validator@^2.0.5, web3-validator@^2.0.6:
  version "2.0.6"
  resolved "https://registry.yarnpkg.com/web3-validator/-/web3-validator-2.0.6.tgz#a0cdaa39e1d1708ece5fae155b034e29d6a19248"
  integrity sha512-qn9id0/l1bWmvH4XfnG/JtGKKwut2Vokl6YXP5Kfg424npysmtRLe9DgiNBM9Op7QL/aSiaA0TVXibuIuWcizg==
  dependencies:
    ethereum-cryptography "^2.0.0"
    util "^0.12.5"
    web3-errors "^1.2.0"
    web3-types "^1.6.0"
    zod "^3.21.4"

web3@^4.10.0:
  version "4.10.0"
  resolved "https://registry.yarnpkg.com/web3/-/web3-4.10.0.tgz#b20a9b0c510efacfc6f776630a0d1b4e87f41398"
  integrity sha512-0A0SEZG4QL5DRtZQtF1pL+LldHn0kAAb4/vUdQua1k4CrZ+hRoDAc3dfFZw94EOV69oXuAFo8fqhITxyWfCHaw==
  dependencies:
    web3-core "^4.5.0"
    web3-errors "^1.2.0"
    web3-eth "^4.8.0"
    web3-eth-abi "^4.2.2"
    web3-eth-accounts "^4.1.2"
    web3-eth-contract "^4.5.0"
    web3-eth-ens "^4.4.0"
    web3-eth-iban "^4.0.7"
    web3-eth-personal "^4.0.8"
    web3-net "^4.1.0"
    web3-providers-http "^4.1.0"
    web3-providers-ws "^4.0.7"
    web3-rpc-methods "^1.3.0"
    web3-rpc-providers "^1.0.0-rc.0"
    web3-types "^1.7.0"
    web3-utils "^4.3.0"
    web3-validator "^2.0.6"

webidl-conversions@^3.0.0, webidl-conversions@^3.0.1:
  version "3.0.1"
  resolved "https://registry.yarnpkg.com/webidl-conversions/-/webidl-conversions-3.0.1.tgz#24534275e2a7bc6be7bc86611cc16ae0a5654871"
  integrity sha512-2JAn3z8AR6rjK8Sm8orRC0h/bcl/DqL7tRPdGZ4I1CjdF+EaMLmYxBHyXuKL849eucPFhvBoxMsflfOb8kxaeQ==

whatwg-url@^5.0.0:
  version "5.0.0"
  resolved "https://registry.yarnpkg.com/whatwg-url/-/whatwg-url-5.0.0.tgz#966454e8765462e37644d3626f6742ce8b70965d"
  integrity sha512-saE57nupxk6v3HY35+jzBwYa0rKSy0XR8JSxZPwgLr7ys0IBzhGviA1/TUGJLmSVqs8pb9AnvICXEuOHLprYTw==
  dependencies:
    tr46 "~0.0.3"
    webidl-conversions "^3.0.0"

which-typed-array@^1.1.14, which-typed-array@^1.1.15, which-typed-array@^1.1.2:
  version "1.1.15"
  resolved "https://registry.yarnpkg.com/which-typed-array/-/which-typed-array-1.1.15.tgz#264859e9b11a649b388bfaaf4f767df1f779b38d"
  integrity sha512-oV0jmFtUky6CXfkqehVvBP/LSWJ2sy4vWMioiENyJLePrBO/yKyV9OyJySfAKosh+RYkIl5zJCNZ8/4JncrpdA==
  dependencies:
    available-typed-arrays "^1.0.7"
    call-bind "^1.0.7"
    for-each "^0.3.3"
    gopd "^1.0.1"
    has-tostringtag "^1.0.2"

ws@^8.17.1, ws@^8.8.1:
  version "8.17.1"
  resolved "https://registry.yarnpkg.com/ws/-/ws-8.17.1.tgz#9293da530bb548febc95371d90f9c878727d919b"
  integrity sha512-6XQFvXTkbfUOZOKKILFG1PDK2NDQs4azKQl26T0YS5CxqWLgXajbPZ+h4gZekJyRqFU8pvnbAbbs/3TgRPy+GQ==

zod@^3.21.4, zod@^3.23.8:
  version "3.23.8"
  resolved "https://registry.yarnpkg.com/zod/-/zod-3.23.8.tgz#e37b957b5d52079769fb8097099b592f0ef4067d"
  integrity sha512-XBx9AXhXktjUqnepgTiE5flcKIYWi/rme0Eaj+5Y0lftuGBq+jyRu/md4WnuxqgP1ubdpNCsYEYPxrzVHD8d6g==
